{
  "name": "GoodIdentityClient",
  "version": "0.1.0",
  "lockfileVersion": 1,
  "requires": true,
  "dependencies": {
    "typed-rx-emitter": {
      "version": "1.2.0",
      "resolved": "https://registry.npmjs.org/typed-rx-emitter/-/typed-rx-emitter-1.2.0.tgz",
      "integrity": "sha512-Ptc7hiRWKLfSJ9P/CLkQxqFgAV+wfkTJRroDIRhPl54do9da+Ps3G0XA0uZPBkTBiaZ8yB1QlOsk3le6TNhdhw=="
    },
    "undux": {
      "version": "5.0.0-beta.19",
      "resolved": "https://registry.npmjs.org/undux/-/undux-5.0.0-beta.19.tgz",
      "integrity": "sha512-mSeeSwD/Co8NaqKLOD5A/ZFTudJrpk7du76iO+VVrzlMBrgDFXLjT4p2N+5PdvFfiU9W+2gZem1JzSboaHc06Q==",
      "requires": {
        "typed-rx-emitter": "1.2.0"
      }
    }
  }
}
